
Microsoft Visual Studio Solution File, Format Version 12.00
# Visual Studio Version 16
VisualStudioVersion = 16.0.29709.97
MinimumVisualStudioVersion = 10.0.40219.1
Project("{FAE04EC0-301F-11D3-BF4B-00C04F79EFBC}") = "C Sharp Assignment 4", "C Sharp Assignment 4\C Sharp Assignment 4.csproj", "{499C4940-8A4B-4542-9CC1-E12AF1B7FC4F}"
EndProject
Global
	GlobalSection(SolutionConfigurationPlatforms) = preSolution
		Debug|Any CPU = Debug|Any CPU
		Release|Any CPU = Release|Any CPU
	EndGlobalSection
	GlobalSection(ProjectConfigurationPlatforms) = postSolution
		{499C4940-8A4B-4542-9CC1-E12AF1B7FC4F}.Debug|Any CPU.ActiveCfg = Debug|Any CPU
		{499C4940-8A4B-4542-9CC1-E12AF1B7FC4F}.Debug|Any CPU.Build.0 = Debug|Any CPU
		{499C4940-8A4B-4542-9CC1-E12AF1B7FC4F}.Release|Any CPU.ActiveCfg = Release|Any CPU
		{499C4940-8A4B-4542-9CC1-E12AF1B7FC4F}.Release|Any CPU.Build.0 = Release|Any CPU
	EndGlobalSection
	GlobalSection(SolutionProperties) = preSolution
		HideSolutionNode = FALSE
	EndGlobalSection
	GlobalSection(ExtensibilityGlobals) = postSolution
		SolutionGuid = {C9E5197F-C75B-45BB-8EED-1AF637C99619}
	EndGlobalSection
EndGlobal
